Microsoft Visual Studio Solution File, Format Version 10.00
# Visual Studio 2008
Project("{FAE04EC0-301F-11D3-BF4B-00C04F79EFBC}") = "Probiztalk.Samples.PipelineUtilities", "Probiztalk.Samples.Utilities\Probiztalk.Samples.PipelineUtilities.csproj", "{74CE9A86-DF65-4D45-A7AF-1AC351E5B5C3}"
EndProject
Project("{FAE04EC0-301F-11D3-BF4B-00C04F79EFBC}") = "Probiztalk.Utility.PipelineZip", "Probiztalk.Utility.PipelineZip\Probiztalk.Utility.PipelineZip.csproj", "{548FA7AD-797A-4437-A5D5-2EBF4F718281}"
EndProject
Project("{FAE04EC0-301F-11D3-BF4B-00C04F79EFBC}") = "ICSharpCode.SharpZipLib", "ICSharpCode.SharpZipLib\ICSharpCode.SharpZipLib.csproj", "{7F1C5F40-A2C9-4B92-8A23-78E95A74C194}"
EndProject
Project("{FAE04EC0-301F-11D3-BF4B-00C04F79EFBC}") = "ZipPipelines", "ABC.BizTalk.Pipelines.ZipPipelines\ZipPipelines.btproj", "{FE2F7D0F-D784-4AB2-A62D-91C6B59AA81D}"
EndProject
Global
	GlobalSection(SolutionConfigurationPlatforms) = preSolution
		Debug|Any CPU = Debug|Any CPU
		Debug|Mixed Platforms = Debug|Mixed Platforms
		Deployment|Any CPU = Deployment|Any CPU
		Deployment|Mixed Platforms = Deployment|Mixed Platforms
		Development|Any CPU = Development|Any CPU
		Development|Mixed Platforms = Development|Mixed Platforms
		Release|Any CPU = Release|Any CPU
		Release|Mixed Platforms = Release|Mixed Platforms
	EndGlobalSection
	GlobalSection(ProjectConfigurationPlatforms) = postSolution
		{74CE9A86-DF65-4D45-A7AF-1AC351E5B5C3}.Debug|Any CPU.ActiveCfg = Debug|Any CPU
		{74CE9A86-DF65-4D45-A7AF-1AC351E5B5C3}.Debug|Mixed Platforms.ActiveCfg = Debug|Any CPU
		{74CE9A86-DF65-4D45-A7AF-1AC351E5B5C3}.Debug|Mixed Platforms.Build.0 = Debug|Any CPU
		{74CE9A86-DF65-4D45-A7AF-1AC351E5B5C3}.Deployment|Any CPU.ActiveCfg = Debug|Any CPU
		{74CE9A86-DF65-4D45-A7AF-1AC351E5B5C3}.Deployment|Mixed Platforms.ActiveCfg = Debug|Any CPU
		{74CE9A86-DF65-4D45-A7AF-1AC351E5B5C3}.Deployment|Mixed Platforms.Build.0 = Debug|Any CPU
		{74CE9A86-DF65-4D45-A7AF-1AC351E5B5C3}.Development|Any CPU.ActiveCfg = Debug|Any CPU
		{74CE9A86-DF65-4D45-A7AF-1AC351E5B5C3}.Development|Mixed Platforms.ActiveCfg = Debug|Any CPU
		{74CE9A86-DF65-4D45-A7AF-1AC351E5B5C3}.Development|Mixed Platforms.Build.0 = Debug|Any CPU
		{74CE9A86-DF65-4D45-A7AF-1AC351E5B5C3}.Release|Any CPU.ActiveCfg = Release|Any CPU
		{74CE9A86-DF65-4D45-A7AF-1AC351E5B5C3}.Release|Mixed Platforms.ActiveCfg = Release|Any CPU
		{74CE9A86-DF65-4D45-A7AF-1AC351E5B5C3}.Release|Mixed Platforms.Build.0 = Release|Any CPU
		{548FA7AD-797A-4437-A5D5-2EBF4F718281}.Debug|Any CPU.ActiveCfg = Debug|Any CPU
		{548FA7AD-797A-4437-A5D5-2EBF4F718281}.Debug|Mixed Platforms.ActiveCfg = Debug|Any CPU
		{548FA7AD-797A-4437-A5D5-2EBF4F718281}.Debug|Mixed Platforms.Build.0 = Debug|Any CPU
		{548FA7AD-797A-4437-A5D5-2EBF4F718281}.Deployment|Any CPU.ActiveCfg = Debug|Any CPU
		{548FA7AD-797A-4437-A5D5-2EBF4F718281}.Deployment|Mixed Platforms.ActiveCfg = Debug|Any CPU
		{548FA7AD-797A-4437-A5D5-2EBF4F718281}.Deployment|Mixed Platforms.Build.0 = Debug|Any CPU
		{548FA7AD-797A-4437-A5D5-2EBF4F718281}.Development|Any CPU.ActiveCfg = Debug|Any CPU
		{548FA7AD-797A-4437-A5D5-2EBF4F718281}.Development|Mixed Platforms.ActiveCfg = Debug|Any CPU
		{548FA7AD-797A-4437-A5D5-2EBF4F718281}.Development|Mixed Platforms.Build.0 = Debug|Any CPU
		{548FA7AD-797A-4437-A5D5-2EBF4F718281}.Release|Any CPU.ActiveCfg = Release|Any CPU
		{548FA7AD-797A-4437-A5D5-2EBF4F718281}.Release|Mixed Platforms.ActiveCfg = Release|Any CPU
		{548FA7AD-797A-4437-A5D5-2EBF4F718281}.Release|Mixed Platforms.Build.0 = Release|Any CPU
		{7F1C5F40-A2C9-4B92-8A23-78E95A74C194}.Debug|Any CPU.ActiveCfg = Debug|Any CPU
		{7F1C5F40-A2C9-4B92-8A23-78E95A74C194}.Debug|Mixed Platforms.ActiveCfg = Debug|Any CPU
		{7F1C5F40-A2C9-4B92-8A23-78E95A74C194}.Debug|Mixed Platforms.Build.0 = Debug|Any CPU
		{7F1C5F40-A2C9-4B92-8A23-78E95A74C194}.Deployment|Any CPU.ActiveCfg = Debug|Any CPU
		{7F1C5F40-A2C9-4B92-8A23-78E95A74C194}.Deployment|Mixed Platforms.ActiveCfg = Debug|Any CPU
		{7F1C5F40-A2C9-4B92-8A23-78E95A74C194}.Deployment|Mixed Platforms.Build.0 = Debug|Any CPU
		{7F1C5F40-A2C9-4B92-8A23-78E95A74C194}.Development|Any CPU.ActiveCfg = Debug|Any CPU
		{7F1C5F40-A2C9-4B92-8A23-78E95A74C194}.Development|Mixed Platforms.ActiveCfg = Debug|Any CPU
		{7F1C5F40-A2C9-4B92-8A23-78E95A74C194}.Development|Mixed Platforms.Build.0 = Debug|Any CPU
		{7F1C5F40-A2C9-4B92-8A23-78E95A74C194}.Release|Any CPU.ActiveCfg = Release|Any CPU
		{7F1C5F40-A2C9-4B92-8A23-78E95A74C194}.Release|Mixed Platforms.ActiveCfg = Release|Any CPU
		{7F1C5F40-A2C9-4B92-8A23-78E95A74C194}.Release|Mixed Platforms.Build.0 = Release|Any CPU
		{FE2F7D0F-D784-4AB2-A62D-91C6B59AA81D}.Debug|Any CPU.ActiveCfg = Deployment|Any CPU
		{FE2F7D0F-D784-4AB2-A62D-91C6B59AA81D}.Debug|Any CPU.Build.0 = Deployment|Any CPU
		{FE2F7D0F-D784-4AB2-A62D-91C6B59AA81D}.Debug|Any CPU.Deploy.0 = Deployment|Any CPU
		{FE2F7D0F-D784-4AB2-A62D-91C6B59AA81D}.Debug|Mixed Platforms.ActiveCfg = Deployment|Any CPU
		{FE2F7D0F-D784-4AB2-A62D-91C6B59AA81D}.Debug|Mixed Platforms.Build.0 = Deployment|Any CPU
		{FE2F7D0F-D784-4AB2-A62D-91C6B59AA81D}.Debug|Mixed Platforms.Deploy.0 = Deployment|Any CPU
		{FE2F7D0F-D784-4AB2-A62D-91C6B59AA81D}.Deployment|Any CPU.ActiveCfg = Deployment|Any CPU
		{FE2F7D0F-D784-4AB2-A62D-91C6B59AA81D}.Deployment|Any CPU.Build.0 = Deployment|Any CPU
		{FE2F7D0F-D784-4AB2-A62D-91C6B59AA81D}.Deployment|Any CPU.Deploy.0 = Deployment|Any CPU
		{FE2F7D0F-D784-4AB2-A62D-91C6B59AA81D}.Deployment|Mixed Platforms.ActiveCfg = Deployment|Any CPU
		{FE2F7D0F-D784-4AB2-A62D-91C6B59AA81D}.Deployment|Mixed Platforms.Build.0 = Deployment|Any CPU
		{FE2F7D0F-D784-4AB2-A62D-91C6B59AA81D}.Deployment|Mixed Platforms.Deploy.0 = Deployment|Any CPU
		{FE2F7D0F-D784-4AB2-A62D-91C6B59AA81D}.Development|Any CPU.ActiveCfg = Development|Any CPU
		{FE2F7D0F-D784-4AB2-A62D-91C6B59AA81D}.Development|Any CPU.Build.0 = Development|Any CPU
		{FE2F7D0F-D784-4AB2-A62D-91C6B59AA81D}.Development|Mixed Platforms.ActiveCfg = Development|Any CPU
		{FE2F7D0F-D784-4AB2-A62D-91C6B59AA81D}.Development|Mixed Platforms.Build.0 = Development|Any CPU
		{FE2F7D0F-D784-4AB2-A62D-91C6B59AA81D}.Development|Mixed Platforms.Deploy.0 = Development|Any CPU
		{FE2F7D0F-D784-4AB2-A62D-91C6B59AA81D}.Release|Any CPU.ActiveCfg = Deployment|Any CPU
		{FE2F7D0F-D784-4AB2-A62D-91C6B59AA81D}.Release|Any CPU.Build.0 = Deployment|Any CPU
		{FE2F7D0F-D784-4AB2-A62D-91C6B59AA81D}.Release|Any CPU.Deploy.0 = Deployment|Any CPU
		{FE2F7D0F-D784-4AB2-A62D-91C6B59AA81D}.Release|Mixed Platforms.ActiveCfg = Deployment|Any CPU
		{FE2F7D0F-D784-4AB2-A62D-91C6B59AA81D}.Release|Mixed Platforms.Build.0 = Deployment|Any CPU
		{FE2F7D0F-D784-4AB2-A62D-91C6B59AA81D}.Release|Mixed Platforms.Deploy.0 = Deployment|Any CPU
	EndGlobalSection
	GlobalSection(SolutionProperties) = preSolution
		HideSolutionNode = FALSE
	EndGlobalSection
EndGlobal
