
Microsoft Visual Studio Solution File, Format Version 10.00
# Visual Studio 2008
Project("{FAE04EC0-301F-11D3-BF4B-00C04F79EFBC}") = "Streams", "Streams\Streams.csproj", "{604022F0-ACDA-4FF9-85AA-1E769413509B}"
EndProject
Project("{F184B08F-C81C-45F6-A57F-5ABD9991F28F}") = "Probiztalk.Samples.LargeFile.PipelineComponents", "Probiztalk.Samples.LargeFileHandler.PipelineComponents\Probiztalk.Samples.LargeFile.PipelineComponents.vbproj", "{3FD17E7F-9CDB-451B-B0FE-99B02385123C}"
EndProject
Project("{FAE04EC0-301F-11D3-BF4B-00C04F79EFBC}") = "Probiztalk.Samples.LargeFileHandler.Pipelines", "Probiztalk.Samples.LargeFileHandler.Pipelines\Probiztalk.Samples.LargeFileHandler.Pipelines.btproj", "{BB92502F-2761-4D43-82E0-3AB5E2C7AFAD}"
EndProject
Project("{FAE04EC0-301F-11D3-BF4B-00C04F79EFBC}") = "Probiztalk.Samples.LargeFileHandler.Schemas", "Probiztalk.Samples.LargeFileHandler.Schemas\Probiztalk.Samples.LargeFileHandler.Schemas.btproj", "{CDFBC150-360E-4192-ACFF-0A5738AD0B76}"
EndProject
Global
	GlobalSection(SolutionConfigurationPlatforms) = preSolution
		Debug|Any CPU = Debug|Any CPU
		Deployment|Any CPU = Deployment|Any CPU
		Development|Any CPU = Development|Any CPU
		Release|Any CPU = Release|Any CPU
	EndGlobalSection
	GlobalSection(ProjectConfigurationPlatforms) = postSolution
		{604022F0-ACDA-4FF9-85AA-1E769413509B}.Debug|Any CPU.ActiveCfg = Debug|Any CPU
		{604022F0-ACDA-4FF9-85AA-1E769413509B}.Debug|Any CPU.Build.0 = Debug|Any CPU
		{604022F0-ACDA-4FF9-85AA-1E769413509B}.Deployment|Any CPU.ActiveCfg = Debug|Any CPU
		{604022F0-ACDA-4FF9-85AA-1E769413509B}.Deployment|Any CPU.Build.0 = Debug|Any CPU
		{604022F0-ACDA-4FF9-85AA-1E769413509B}.Development|Any CPU.ActiveCfg = Debug|Any CPU
		{604022F0-ACDA-4FF9-85AA-1E769413509B}.Development|Any CPU.Build.0 = Debug|Any CPU
		{604022F0-ACDA-4FF9-85AA-1E769413509B}.Release|Any CPU.ActiveCfg = Release|Any CPU
		{604022F0-ACDA-4FF9-85AA-1E769413509B}.Release|Any CPU.Build.0 = Release|Any CPU
		{3FD17E7F-9CDB-451B-B0FE-99B02385123C}.Debug|Any CPU.ActiveCfg = Debug|Any CPU
		{3FD17E7F-9CDB-451B-B0FE-99B02385123C}.Debug|Any CPU.Build.0 = Debug|Any CPU
		{3FD17E7F-9CDB-451B-B0FE-99B02385123C}.Deployment|Any CPU.ActiveCfg = Debug|Any CPU
		{3FD17E7F-9CDB-451B-B0FE-99B02385123C}.Deployment|Any CPU.Build.0 = Debug|Any CPU
		{3FD17E7F-9CDB-451B-B0FE-99B02385123C}.Development|Any CPU.ActiveCfg = Debug|Any CPU
		{3FD17E7F-9CDB-451B-B0FE-99B02385123C}.Development|Any CPU.Build.0 = Debug|Any CPU
		{3FD17E7F-9CDB-451B-B0FE-99B02385123C}.Release|Any CPU.ActiveCfg = Release|Any CPU
		{3FD17E7F-9CDB-451B-B0FE-99B02385123C}.Release|Any CPU.Build.0 = Release|Any CPU
		{BB92502F-2761-4D43-82E0-3AB5E2C7AFAD}.Debug|Any CPU.ActiveCfg = Deployment|Any CPU
		{BB92502F-2761-4D43-82E0-3AB5E2C7AFAD}.Debug|Any CPU.Build.0 = Deployment|Any CPU
		{BB92502F-2761-4D43-82E0-3AB5E2C7AFAD}.Debug|Any CPU.Deploy.0 = Deployment|Any CPU
		{BB92502F-2761-4D43-82E0-3AB5E2C7AFAD}.Deployment|Any CPU.ActiveCfg = Deployment|Any CPU
		{BB92502F-2761-4D43-82E0-3AB5E2C7AFAD}.Deployment|Any CPU.Build.0 = Deployment|Any CPU
		{BB92502F-2761-4D43-82E0-3AB5E2C7AFAD}.Deployment|Any CPU.Deploy.0 = Deployment|Any CPU
		{BB92502F-2761-4D43-82E0-3AB5E2C7AFAD}.Development|Any CPU.ActiveCfg = Development|Any CPU
		{BB92502F-2761-4D43-82E0-3AB5E2C7AFAD}.Development|Any CPU.Build.0 = Development|Any CPU
		{BB92502F-2761-4D43-82E0-3AB5E2C7AFAD}.Development|Any CPU.Deploy.0 = Development|Any CPU
		{BB92502F-2761-4D43-82E0-3AB5E2C7AFAD}.Release|Any CPU.ActiveCfg = Deployment|Any CPU
		{BB92502F-2761-4D43-82E0-3AB5E2C7AFAD}.Release|Any CPU.Build.0 = Deployment|Any CPU
		{BB92502F-2761-4D43-82E0-3AB5E2C7AFAD}.Release|Any CPU.Deploy.0 = Deployment|Any CPU
		{CDFBC150-360E-4192-ACFF-0A5738AD0B76}.Debug|Any CPU.ActiveCfg = Deployment|Any CPU
		{CDFBC150-360E-4192-ACFF-0A5738AD0B76}.Debug|Any CPU.Build.0 = Deployment|Any CPU
		{CDFBC150-360E-4192-ACFF-0A5738AD0B76}.Debug|Any CPU.Deploy.0 = Deployment|Any CPU
		{CDFBC150-360E-4192-ACFF-0A5738AD0B76}.Deployment|Any CPU.ActiveCfg = Deployment|Any CPU
		{CDFBC150-360E-4192-ACFF-0A5738AD0B76}.Deployment|Any CPU.Build.0 = Deployment|Any CPU
		{CDFBC150-360E-4192-ACFF-0A5738AD0B76}.Deployment|Any CPU.Deploy.0 = Deployment|Any CPU
		{CDFBC150-360E-4192-ACFF-0A5738AD0B76}.Development|Any CPU.ActiveCfg = Development|Any CPU
		{CDFBC150-360E-4192-ACFF-0A5738AD0B76}.Development|Any CPU.Build.0 = Development|Any CPU
		{CDFBC150-360E-4192-ACFF-0A5738AD0B76}.Development|Any CPU.Deploy.0 = Development|Any CPU
		{CDFBC150-360E-4192-ACFF-0A5738AD0B76}.Release|Any CPU.ActiveCfg = Deployment|Any CPU
		{CDFBC150-360E-4192-ACFF-0A5738AD0B76}.Release|Any CPU.Build.0 = Deployment|Any CPU
		{CDFBC150-360E-4192-ACFF-0A5738AD0B76}.Release|Any CPU.Deploy.0 = Deployment|Any CPU
	EndGlobalSection
	GlobalSection(SolutionProperties) = preSolution
		HideSolutionNode = FALSE
	EndGlobalSection
EndGlobal
